# This file was autogenerated by uv via the following command:
#    uv pip compile -o uv.lock pyproject.toml
amqp==5.3.1
    # via
    #   events-face (pyproject.toml)
    #   kombu
asgiref==3.8.1
    # via
    #   events-face (pyproject.toml)
    #   django
billiard==4.2.1
    # via
    #   events-face (pyproject.toml)
    #   celery
celery==5.4.0
    # via events-face (pyproject.toml)
certifi==2025.1.31
    # via
    #   events-face (pyproject.toml)
    #   requests
cffi==1.17.1
    # via gevent
charset-normalizer==3.4.1
    # via
    #   events-face (pyproject.toml)
    #   requests
click==8.1.8
    # via
    #   events-face (pyproject.toml)
    #   celery
    #   click-didyoumean
    #   click-plugins
    #   click-repl
click-didyoumean==0.3.1
    # via
    #   events-face (pyproject.toml)
    #   celery
click-plugins==1.1.1
    # via
    #   events-face (pyproject.toml)
    #   celery
click-repl==0.3.0
    # via
    #   events-face (pyproject.toml)
    #   celery
colorama==0.4.6
    # via
    #   events-face (pyproject.toml)
    #   click
django==5.1.7
    # via
    #   events-face (pyproject.toml)
    #   django-filter
    #   djangorestframework
    #   djangorestframework-simplejwt
django-filter==25.1
    # via events-face (pyproject.toml)
djangorestframework==3.15.2
    # via
    #   events-face (pyproject.toml)
    #   djangorestframework-simplejwt
djangorestframework-simplejwt==5.5.0
    # via events-face (pyproject.toml)
docker==7.1.0
    # via events-face (pyproject.toml)
gevent==24.11.1
    # via events-face (pyproject.toml)
greenlet==3.1.1
    # via gevent
gunicorn==23.0.0
    # via events-face (pyproject.toml)
idna==3.10
    # via
    #   events-face (pyproject.toml)
    #   requests
kombu==5.5.0
    # via
    #   events-face (pyproject.toml)
    #   celery
packaging==24.2
    # via
    #   events-face (pyproject.toml)
    #   gunicorn
prompt-toolkit==3.0.50
    # via
    #   events-face (pyproject.toml)
    #   click-repl
pycparser==2.22
    # via cffi
pyjwt==2.9.0
    # via
    #   events-face (pyproject.toml)
    #   djangorestframework-simplejwt
python-dateutil==2.9.0.post0
    # via
    #   events-face (pyproject.toml)
    #   celery
redis==5.2.1
    # via events-face (pyproject.toml)
requests==2.32.3
    # via
    #   events-face (pyproject.toml)
    #   docker
ruff==0.11.0
    # via events-face (pyproject.toml)
setuptools==77.0.3
    # via
    #   zope-event
    #   zope-interface
six==1.17.0
    # via
    #   events-face (pyproject.toml)
    #   python-dateutil
sqlparse==0.5.3
    # via
    #   events-face (pyproject.toml)
    #   django
toml==0.10.2
    # via events-face (pyproject.toml)
tzdata==2025.1
    # via
    #   events-face (pyproject.toml)
    #   celery
    #   django
    #   kombu
urllib3==2.3.0
    # via
    #   events-face (pyproject.toml)
    #   docker
    #   requests
uv==0.6.7
    # via events-face (pyproject.toml)
vine==5.1.0
    # via
    #   events-face (pyproject.toml)
    #   amqp
    #   celery
    #   kombu
wcwidth==0.2.13
    # via
    #   events-face (pyproject.toml)
    #   prompt-toolkit
zope-event==5.0
    # via gevent
zope-interface==7.2
    # via gevent
